
Microsoft Visual Studio Solution File, Format Version 12.00
# Visual Studio Version 17
VisualStudioVersion = 17.8.34525.116
MinimumVisualStudioVersion = 10.0.40219.1
Project("{FAE04EC0-301F-11D3-BF4B-00C04F79EFBC}") = "1001Albums", "1001Albums.csproj", "{1A6C6EAA-843C-4A78-BF0D-FA946959ED54}"
EndProject
Global
	GlobalSection(SolutionConfigurationPlatforms) = preSolution
		Debug|Any CPU = Debug|Any CPU
		Release|Any CPU = Release|Any CPU
	EndGlobalSection
	GlobalSection(ProjectConfigurationPlatforms) = postSolution
		{1A6C6EAA-843C-4A78-BF0D-FA946959ED54}.Debug|Any CPU.ActiveCfg = Debug|Any CPU
		{1A6C6EAA-843C-4A78-BF0D-FA946959ED54}.Debug|Any CPU.Build.0 = Debug|Any CPU
		{1A6C6EAA-843C-4A78-BF0D-FA946959ED54}.Release|Any CPU.ActiveCfg = Release|Any CPU
		{1A6C6EAA-843C-4A78-BF0D-FA946959ED54}.Release|Any CPU.Build.0 = Release|Any CPU
	EndGlobalSection
	GlobalSection(SolutionProperties) = preSolution
		HideSolutionNode = FALSE
	EndGlobalSection
	GlobalSection(ExtensibilityGlobals) = postSolution
		SolutionGuid = {CFE242CC-4ACE-407A-91BA-8BA8DF51551D}
	EndGlobalSection
EndGlobal
